GEM
  remote: http://rubygems.org/
  specs:
    bson (1.6.2-java)
    i18n (0.6.0)
    json (1.7.0-java)
    mail (2.4.4)
      i18n (>= 0.4.0)
      mime-types (~> 1.16)
      treetop (~> 1.4.8)
    mime-types (1.18)
    mongo (1.6.2)
      bson (~> 1.6.2)
    polyglot (0.3.3)
    pony (1.4)
      mail (> 2.0)
    rest-client (1.6.7)
      mime-types (>= 1.16)
    ruby-ole (1.2.11.3)
    spreadsheet (0.6.9)
      ruby-ole (>= 1.0)
    treetop (1.4.10)
      polyglot
      polyglot (>= 0.3.1)

PLATFORMS
  java

DEPENDENCIES
  json
  mongo
  pony
  rest-client
  spreadsheet
